# THIS IS AN AUTOGENERATED FILE. DO NOT EDIT THIS FILE DIRECTLY.
# yarn lockfile v1


"@pixi/accessibility@^5.0.2":
  version "5.0.4"
  resolved "https://registry.yarnpkg.com/@pixi/accessibility/-/accessibility-5.0.4.tgz#4208499b912088b5cd8411d46f16e41911032ec4"
  integrity sha512-NghhbRMe184NuuItwLncYuetOcyrBT08HPN9X3uhz2QuW3KLCEA/NTJhJF+uyGAa6bMAnEB3O8cJnP7NJWvZ4w==
  dependencies:
    "@pixi/core" "^5.0.4"
    "@pixi/display" "^5.0.4"
    "@pixi/utils" "^5.0.4"

"@pixi/app@^5.0.2":
  version "5.0.4"
  resolved "https://registry.yarnpkg.com/@pixi/app/-/app-5.0.4.tgz#b4cd2f0980833f0440a05576c20fa48f881ff92e"
  integrity sha512-qAO/5TDJiEpZnXvvkj37mEACwJJ+1vfg5G4LMvIqyVcYoP7mapdHYNL0OdilqfjPShmcp1l5jZXIa6SSQedhKg==
  dependencies:
    "@pixi/core" "^5.0.4"
    "@pixi/display" "^5.0.4"

"@pixi/constants@^5.0.0-rc.3", "@pixi/constants@^5.0.4":
  version "5.0.4"
  resolved "https://registry.yarnpkg.com/@pixi/constants/-/constants-5.0.4.tgz#ff8913ffd540aecb138c5f2c1113d16bea6de7d4"
  integrity sha512-M1w5ah3Ilp4hwW/jyX+v2b/nLhak35fA8yJk23BbgQKIhqng0s78cCLBTvoCV/s7cEVcm0kive+TEWs+YJl5Vg==

"@pixi/core@^5.0.2", "@pixi/core@^5.0.4":
  version "5.0.4"
  resolved "https://registry.yarnpkg.com/@pixi/core/-/core-5.0.4.tgz#2bc1e797a6810c68238e700de5169bf25397eb1e"
  integrity sha512-P2K2JJC+BFZrRZT9P0+Ir8jd7VrH6w7/L1Njg2+iSetW9TdjkPahR+w93VGwpEzEkrYHoNs6FbSFCY38P/6g8A==
  dependencies:
    "@pixi/constants" "^5.0.4"
    "@pixi/display" "^5.0.4"
    "@pixi/math" "^5.0.4"
    "@pixi/runner" "^5.0.4"
    "@pixi/settings" "^5.0.4"
    "@pixi/ticker" "^5.0.4"
    "@pixi/utils" "^5.0.4"

"@pixi/display@^5.0.1", "@pixi/display@^5.0.4":
  version "5.0.4"
  resolved "https://registry.yarnpkg.com/@pixi/display/-/display-5.0.4.tgz#38c75f4dfb6e183493b3c3e98b2a26e9e5fc3c21"
  integrity sha512-SokeMauhg1v6W8NJQfdpKnAx28afbdL2eB/yKgfH9mOHol/A2Zwfx2ZpaXfAMA9jySEL16jpRNqWh/3kf6GPKw==
  dependencies:
    "@pixi/math" "^5.0.4"
    "@pixi/settings" "^5.0.4"
    "@pixi/utils" "^5.0.4"

"@pixi/extract@^5.0.2":
  version "5.0.4"
  resolved "https://registry.yarnpkg.com/@pixi/extract/-/extract-5.0.4.tgz#84c4f02767cdb738d894f3a12f3448fc1dc73991"
  integrity sha512-dnBPfQXvUss0HXQ81v9OlRj6tQX55wRtuKek5gqDn1do0n1j5uvi+frLTRLFfgIIK3T08wbbYb6bFFiiL4nQFw==
  dependencies:
    "@pixi/core" "^5.0.4"
    "@pixi/math" "^5.0.4"
    "@pixi/utils" "^5.0.4"

"@pixi/filter-alpha@^5.0.2":
  version "5.0.4"
  resolved "https://registry.yarnpkg.com/@pixi/filter-alpha/-/filter-alpha-5.0.4.tgz#a72b089265931cffce75282a77d89927c6eddd57"
  integrity sha512-TcHukIRQzwl/U44j7ytV+dRJmyF8vgcRutRobFkQYUwL83sPBybFiITiQ+xIJddxtEVBIgIO9SA9Dss3zIylIA==
  dependencies:
    "@pixi/core" "^5.0.4"

"@pixi/filter-blur@^5.0.2":
  version "5.0.4"
  resolved "https://registry.yarnpkg.com/@pixi/filter-blur/-/filter-blur-5.0.4.tgz#a50e3f15984a604c103c7320c6293cea0e930dac"
  integrity sha512-HHrOCOY4SiaEzWbiXl7mdjTxf+f762ms0+BcPq4MWdNG1voZDN0XPr9s5eL635zwyfONF9XHcsaiPzqwOARoeg==
  dependencies:
    "@pixi/core" "^5.0.4"
    "@pixi/settings" "^5.0.4"

"@pixi/filter-color-matrix@^5.0.2":
  version "5.0.4"
  resolved "https://registry.yarnpkg.com/@pixi/filter-color-matrix/-/filter-color-matrix-5.0.4.tgz#2f09dd58d5304a197ece5f5abcf7605902c3875e"
  integrity sha512-uNY32xd7dt6g+Pe+3QJBBwTAuNQKvAx1EYEvRT8rFlye/TAYeXkAbxWjLYBFpnlZLaCNHLfjOu6UZBhwaqlZ/w==
  dependencies:
    "@pixi/core" "^5.0.4"

"@pixi/filter-displacement@^5.0.2":
  version "5.0.4"
  resolved "https://registry.yarnpkg.com/@pixi/filter-displacement/-/filter-displacement-5.0.4.tgz#157813de2a3ba5b1b0ee5a0547834d3198012f3f"
  integrity sha512-XCDrIF84K5RcafUDO78GlgwZ99+0FC/VS50qhLlnM9PyxKLrDXOUim8VsOZL+bycrArK5VgwK5G/sBI69Eqe9Q==
  dependencies:
    "@pixi/core" "^5.0.4"
    "@pixi/math" "^5.0.4"

"@pixi/filter-fxaa@^5.0.2":
  version "5.0.4"
  resolved "https://registry.yarnpkg.com/@pixi/filter-fxaa/-/filter-fxaa-5.0.4.tgz#2ff5077d86b69abfab07eca7f1c23877c5fd6efb"
  integrity sha512-8NfOQ5jz9hYlvXaNrBuCJvACqXE4gt3IURoD13SK5fMdbtdJZsv9DS1bvb2gpQwS4EhDmw8gNimcy1UIzk72Fg==
  dependencies:
    "@pixi/core" "^5.0.4"

"@pixi/filter-noise@^5.0.2":
  version "5.0.4"
  resolved "https://registry.yarnpkg.com/@pixi/filter-noise/-/filter-noise-5.0.4.tgz#f0fc6f12d55f66cc643e440a34256ac67d5fa4d5"
  integrity sha512-QpKN4JhgdG75zH8uxv2PWPux7vrjOEnTtpLe3p+f/C+QQb+OD4duzTFS6k4flAZMdEkloZk9MoJPLn6I/S00NQ==
  dependencies:
    "@pixi/core" "^5.0.4"

"@pixi/graphics@^5.0.2", "@pixi/graphics@^5.0.4":
  version "5.0.4"
  resolved "https://registry.yarnpkg.com/@pixi/graphics/-/graphics-5.0.4.tgz#eb999fe5323afb43fa017920a1716978f4891ffc"
  integrity sha512-Q8ZQdkMRAsd9U85rP9M1y5PYrE+hNLDOUJ1yKdVdcpq0UzrDflvVKpk58bcSNXR4a+lpYz1Ly6Pi+Xv6Hb1R1A==
  dependencies:
    "@pixi/constants" "^5.0.4"
    "@pixi/core" "^5.0.4"
    "@pixi/display" "^5.0.4"
    "@pixi/math" "^5.0.4"
    "@pixi/sprite" "^5.0.4"
    "@pixi/utils" "^5.0.4"

"@pixi/interaction@^5.0.2":
  version "5.0.4"
  resolved "https://registry.yarnpkg.com/@pixi/interaction/-/interaction-5.0.4.tgz#14286eb88ddc5d6d74232e149c1755da2df4c4e1"
  integrity sha512-DRFqLfIWZq+2O+3+yLzQDY366ZYbcptoY1AUCsDbIKgN6lM9CZnw5MckXjXuhat8RnZ80mXXi7lBqD03Y9+RVQ==
  dependencies:
    "@pixi/core" "^5.0.4"
    "@pixi/display" "^5.0.4"
    "@pixi/math" "^5.0.4"
    "@pixi/ticker" "^5.0.4"
    "@pixi/utils" "^5.0.4"

"@pixi/loaders@^5.0.2", "@pixi/loaders@^5.0.4":
  version "5.0.4"
  resolved "https://registry.yarnpkg.com/@pixi/loaders/-/loaders-5.0.4.tgz#6befefcd3b5066e9548330cf5bfc40fbd7736cd4"
  integrity sha512-SRboskl4eK5eBALGafUwkVSIFxqAmRZwISTOOPmEnn372+bdrp7FtKEzdF5aZoKv0ugsQ0/NjUEaqZD2Ux6z+Q==
  dependencies:
    "@pixi/core" "^5.0.4"
    "@pixi/utils" "^5.0.4"
    resource-loader "^2.2.4"

"@pixi/math@^5.0.0-rc.3", "@pixi/math@^5.0.4":
  version "5.0.4"
  resolved "https://registry.yarnpkg.com/@pixi/math/-/math-5.0.4.tgz#27a431cd59ec31a10049a6f5032bc77dbf3b600e"
  integrity sha512-Guhhm5m+jZu4vKusb/c4iwS+DOGJc/ePIaSHwRxqzL9FZr7y4RmjzH0793k8KHtmUWITqh4ABdG89/u0mYlY5w==

"@pixi/mesh-extras@^5.0.2":
  version "5.0.4"
  resolved "https://registry.yarnpkg.com/@pixi/mesh-extras/-/mesh-extras-5.0.4.tgz#a558aee592a3baf80d9da7f66eacf2c31f6d2278"
  integrity sha512-twnXqvve4Emf04AQ1IuFK8vXMxQzQJ+K3Au7wShqtPTD21d3hweVe7HAl8Kh0q2JWg3UGQtRURamcvQDkNa4Bw==
  dependencies:
    "@pixi/constants" "^5.0.4"
    "@pixi/core" "^5.0.4"
    "@pixi/math" "^5.0.4"
    "@pixi/mesh" "^5.0.4"
    "@pixi/utils" "^5.0.4"

"@pixi/mesh@^5.0.2", "@pixi/mesh@^5.0.4":
  version "5.0.4"
  resolved "https://registry.yarnpkg.com/@pixi/mesh/-/mesh-5.0.4.tgz#6b5380815a0214df45b320dd204a694083e5bc49"
  integrity sha512-lITixOeeq2BNspg8C0gCIEiOC02bh5oxVz+0C0f4EDYYYnjjsJ3RGu1ifuUZfhh1FPGa2RTZSBRtljbqOMwNTg==
  dependencies:
    "@pixi/constants" "^5.0.4"
    "@pixi/core" "^5.0.4"
    "@pixi/display" "^5.0.4"
    "@pixi/math" "^5.0.4"
    "@pixi/settings" "^5.0.4"
    "@pixi/utils" "^5.0.4"

"@pixi/mixin-cache-as-bitmap@^5.0.2":
  version "5.0.4"
  resolved "https://registry.yarnpkg.com/@pixi/mixin-cache-as-bitmap/-/mixin-cache-as-bitmap-5.0.4.tgz#e5a035537069815ef34be97eb9cdb96e93536206"
  integrity sha512-HzE4gbZyX23DfJYdaaAbViD11lWzWoNO0fAFJLydgL3maoRyE3kCQGHbVxotz7fBSeC4NZmlE8ttTpADv8MTFA==
  dependencies:
    "@pixi/core" "^5.0.4"
    "@pixi/display" "^5.0.4"
    "@pixi/math" "^5.0.4"
    "@pixi/settings" "^5.0.4"
    "@pixi/sprite" "^5.0.4"
    "@pixi/utils" "^5.0.4"

"@pixi/mixin-get-child-by-name@^5.0.1":
  version "5.0.4"
  resolved "https://registry.yarnpkg.com/@pixi/mixin-get-child-by-name/-/mixin-get-child-by-name-5.0.4.tgz#345b7dec81836b9dccfe6de786d4ed21893bdee0"
  integrity sha512-QxSZutUh4xPr9PZctkOdiWDfmmwDMzJegusOA4ZaNwZink/nEzgVyfE7s5icKoAXQOVOrak2ugl7PVt5IAAgqQ==
  dependencies:
    "@pixi/display" "^5.0.4"

"@pixi/mixin-get-global-position@^5.0.1":
  version "5.0.4"
  resolved "https://registry.yarnpkg.com/@pixi/mixin-get-global-position/-/mixin-get-global-position-5.0.4.tgz#0036fb736f3403645cd7926b1c79a152f6e72aaa"
  integrity sha512-KhrCjIU8Udk2avPjBpyGHDaDcGMsXqr1xphDc1eeZ4rSi/QXLznzW4TF3oKQKiOulSIYdpXQDp79RQA3YGVPbQ==
  dependencies:
    "@pixi/display" "^5.0.4"
    "@pixi/math" "^5.0.4"

"@pixi/particles@^5.0.2":
  version "5.0.4"
  resolved "https://registry.yarnpkg.com/@pixi/particles/-/particles-5.0.4.tgz#876b79e753e4bf8e3e67d8c7c8021b80db674ccb"
  integrity sha512-W995zZ8NRMpbqVrRQhx/FBF2Ty5YMU8QxpwjKyxIhORDUB7HRxKbPQ3NhQ2ByeH0i93UZutA0cQFToItkX/3aw==
  dependencies:
    "@pixi/constants" "^5.0.4"
    "@pixi/core" "^5.0.4"
    "@pixi/display" "^5.0.4"
    "@pixi/math" "^5.0.4"
    "@pixi/utils" "^5.0.4"

"@pixi/polyfill@^5.0.0":
  version "5.0.4"
  resolved "https://registry.yarnpkg.com/@pixi/polyfill/-/polyfill-5.0.4.tgz#4db88826b8cc7a1f937eb82b6d8de39ee407cde6"
  integrity sha512-NjHHeP1U4gxiWu5iVhRf5YWYsX2M8VaLkT3XsjuBDRdiR/AWzpvXIk3k7sYMsMhidgP5dBfzGzxSf3hACtpDXg==
  dependencies:
    es6-promise-polyfill "^1.2.0"
    object-assign "^4.1.1"

"@pixi/prepare@^5.0.2":
  version "5.0.4"
  resolved "https://registry.yarnpkg.com/@pixi/prepare/-/prepare-5.0.4.tgz#ae072b240d135a40d895065ae8813d3e7044134c"
  integrity sha512-KJgfXa5JF4s+Wt2siKKD51ntrLsmILx80Xmp3xIElBcu2LL4F1NVYfwUR+QUYwLUoIZPYQJmswh+oco8IhMpPg==
  dependencies:
    "@pixi/core" "^5.0.4"
    "@pixi/display" "^5.0.4"
    "@pixi/graphics" "^5.0.4"
    "@pixi/settings" "^5.0.4"
    "@pixi/text" "^5.0.4"
    "@pixi/ticker" "^5.0.4"

"@pixi/runner@^5.0.0", "@pixi/runner@^5.0.4":
  version "5.0.4"
  resolved "https://registry.yarnpkg.com/@pixi/runner/-/runner-5.0.4.tgz#ea739b14c9c032f61f6e2a04700d95d30a845fa3"
  integrity sha512-wrzzrwoLO9V3pQ9SyOaYYmHU63R6BuGVa8q6AI4A7B2+2L35fm6tVEv6Gkqasu8QUTW6Qi3fiNLsrJwfLFDb5g==

"@pixi/settings@^5.0.1", "@pixi/settings@^5.0.4":
  version "5.0.4"
  resolved "https://registry.yarnpkg.com/@pixi/settings/-/settings-5.0.4.tgz#162da11356f3e791c9b3c9346806637e741e79c7"
  integrity sha512-04CAGb93J+UJO5kXotB95NA2iTjwve7MZ+Ifs3KvYJN1iqJ9Aza64ygrzTtkmztKO+5qm3ODylVh4iTb9nGEJA==
  dependencies:
    ismobilejs "^0.5.1"

"@pixi/sprite-animated@^5.0.2":
  version "5.0.4"
  resolved "https://registry.yarnpkg.com/@pixi/sprite-animated/-/sprite-animated-5.0.4.tgz#7576f64d29bfaa4416ab9b76ae9d29ac1b9640b1"
  integrity sha512-tRwoe6rL/ofs5+rVn291Dv3/l34lT4KwVi8LhcnxXo5dglFNdGdksZ5ilNHOUPW9nAN/D99LO5HsVf7kQkIvKQ==
  dependencies:
    "@pixi/core" "^5.0.4"
    "@pixi/sprite" "^5.0.4"
    "@pixi/ticker" "^5.0.4"

"@pixi/sprite-tiling@^5.0.2":
  version "5.0.4"
  resolved "https://registry.yarnpkg.com/@pixi/sprite-tiling/-/sprite-tiling-5.0.4.tgz#36009ea454b816475b3dc049a9dc0eeb4ef0b655"
  integrity sha512-bNa6UpsDgtFjDT5+wubgldKt+5JNamTFL4eBaBCtfWwtlejpb6jlGJoMY+fR90071uN6e4NakqKYtTlfj2VMpg==
  dependencies:
    "@pixi/constants" "^5.0.4"
    "@pixi/core" "^5.0.4"
    "@pixi/display" "^5.0.4"
    "@pixi/math" "^5.0.4"
    "@pixi/sprite" "^5.0.4"
    "@pixi/utils" "^5.0.4"

"@pixi/sprite@^5.0.2", "@pixi/sprite@^5.0.4":
  version "5.0.4"
  resolved "https://registry.yarnpkg.com/@pixi/sprite/-/sprite-5.0.4.tgz#5cfdd9a1682bb5a913b1fa9d17f9abb048482b26"
  integrity sha512-IrLS0Mf51rIfOVbtkiilSiHe0x6XznIzxk/dt26BFfIubcCjZssf4pe3/nPrxot5MPjPUWf5uAtDY1NSWHMRlQ==
  dependencies:
    "@pixi/constants" "^5.0.4"
    "@pixi/core" "^5.0.4"
    "@pixi/display" "^5.0.4"
    "@pixi/math" "^5.0.4"
    "@pixi/settings" "^5.0.4"
    "@pixi/utils" "^5.0.4"

"@pixi/spritesheet@^5.0.2":
  version "5.0.4"
  resolved "https://registry.yarnpkg.com/@pixi/spritesheet/-/spritesheet-5.0.4.tgz#c984ea8cdcc8c48a2b8ca7d41f13398800b2e662"
  integrity sha512-vQBK73rLzzaws31DEJ0zGuNbvWuSy756mJcMare4MFdP1fdshx7dfDQzFWYdH5ffvYAwNPPUcCZdjuaGKAxHuA==
  dependencies:
    "@pixi/core" "^5.0.4"
    "@pixi/loaders" "^5.0.4"
    "@pixi/math" "^5.0.4"
    "@pixi/utils" "^5.0.4"

"@pixi/text-bitmap@^5.0.2":
  version "5.0.4"
  resolved "https://registry.yarnpkg.com/@pixi/text-bitmap/-/text-bitmap-5.0.4.tgz#e490c9280b6ddf29bc376d22f27f2ac8a570a662"
  integrity sha512-Cw+NaZzVt1MfEdT11bq0bEAv9j3y9h18U5c4vOyMT0GbNrVDHTvSHfAvsU73+EJO3WmmiusHsV5r2IaGQt5XiA==
  dependencies:
    "@pixi/core" "^5.0.4"
    "@pixi/display" "^5.0.4"
    "@pixi/loaders" "^5.0.4"
    "@pixi/math" "^5.0.4"
    "@pixi/settings" "^5.0.4"
    "@pixi/sprite" "^5.0.4"
    "@pixi/utils" "^5.0.4"

"@pixi/text@^5.0.2", "@pixi/text@^5.0.4":
  version "5.0.4"
  resolved "https://registry.yarnpkg.com/@pixi/text/-/text-5.0.4.tgz#1a650cacd5abfff9c1821b83336e46e15d9d53d8"
  integrity sha512-20DyyyGlix3Skw7leHGDfQW5JpQNwnpFOtXY9t0XXJKBU4/nJDJ+wF1X7a6VuLZNLNLubnomEWtNoYgzNEHvXQ==
  dependencies:
    "@pixi/core" "^5.0.4"
    "@pixi/math" "^5.0.4"
    "@pixi/settings" "^5.0.4"
    "@pixi/sprite" "^5.0.4"
    "@pixi/utils" "^5.0.4"

"@pixi/ticker@^5.0.1", "@pixi/ticker@^5.0.4":
  version "5.0.4"
  resolved "https://registry.yarnpkg.com/@pixi/ticker/-/ticker-5.0.4.tgz#7066f07a32d9c2007fd67e65256b3ed4af1c721b"
  integrity sha512-K2NlLxni40jK2pdCa0ImpTBK/MzIxxQkx1sWQpOAm4dl4QJhbURIzLS9z2DgJ8L5kPWAGWtaZde5Z1doTV48bw==
  dependencies:
    "@pixi/settings" "^5.0.4"

"@pixi/utils@^5.0.1", "@pixi/utils@^5.0.4":
  version "5.0.4"
  resolved "https://registry.yarnpkg.com/@pixi/utils/-/utils-5.0.4.tgz#3b013491af245798d2309c4382c114170eae5836"
  integrity sha512-j6DiIo18gkMZC64RqvZME5Cun5nQBB3OxnuT5rrQeBU+pM6kOfz8Akr8GNcbCukmjM1k3FALHyCF/OfnZCTDzw==
  dependencies:
    "@pixi/constants" "^5.0.4"
    "@pixi/settings" "^5.0.4"
    earcut "^2.1.5"
    eventemitter3 "^3.1.0"
    url "^0.11.0"

balanced-match@^1.0.0:
  version "1.0.0"
  resolved "https://registry.yarnpkg.com/balanced-match/-/balanced-match-1.0.0.tgz#89b4d199ab2bee49de164ea02b89ce462d71b767"
  integrity sha1-ibTRmasr7kneFk6gK4nORi1xt2c=

brace-expansion@^1.1.7:
  version "1.1.11"
  resolved "https://registry.yarnpkg.com/brace-expansion/-/brace-expansion-1.1.11.tgz#3c7fcbf529d87226f3d2f52b966ff5271eb441dd"
  integrity sha512-iCuPHDFgrHX7H2vEI/5xpz07zSHB00TpugqhmYtVmMO6518mCuRMoOYFldEBl0g187ufozdaHgWKcYFb61qGiA==
  dependencies:
    balanced-match "^1.0.0"
    concat-map "0.0.1"

concat-map@0.0.1:
  version "0.0.1"
  resolved "https://registry.yarnpkg.com/concat-map/-/concat-map-0.0.1.tgz#d8a96bd77fd68df7793a73036a3ba0d5405d477b"
  integrity sha1-2Klr13/Wjfd5OnMDajug1UBdR3s=

earcut@^2.1.5:
  version "2.1.5"
  resolved "https://registry.yarnpkg.com/earcut/-/earcut-2.1.5.tgz#829280a9a3a0f5fee0529f0a47c3e4eff09b21e4"
  integrity sha512-QFWC7ywTVLtvRAJTVp8ugsuuGQ5mVqNmJ1cRYeLrSHgP3nycr2RHTJob9OtM0v8ujuoKN0NY1a93J/omeTL1PA==

es6-promise-polyfill@^1.2.0:
  version "1.2.0"
  resolved "https://registry.yarnpkg.com/es6-promise-polyfill/-/es6-promise-polyfill-1.2.0.tgz#f38925f23cb3e3e8ce6cda8ff774fcebbb090cde"
  integrity sha1-84kl8jyz4+jObNqP93T867sJDN4=

eventemitter3@^3.1.0:
  version "3.1.2"
  resolved "https://registry.yarnpkg.com/eventemitter3/-/eventemitter3-3.1.2.tgz#2d3d48f9c346698fce83a85d7d664e98535df6e7"
  integrity sha512-tvtQIeLVHjDkJYnzf2dgVMxfuSGJeM/7UCG17TT4EumTfNtF+0nebF/4zWOIkCreAbtNqhGEboB6BWrwqNaw4Q==

file-match@^1.0.1:
  version "1.0.2"
  resolved "https://registry.yarnpkg.com/file-match/-/file-match-1.0.2.tgz#c9cad265d2c8adf3a81475b0df475859069faef7"
  integrity sha1-ycrSZdLIrfOoFHWw30dYWQafrvc=
  dependencies:
    utils-extend "^1.0.6"

file-system@2.2.2:
  version "2.2.2"
  resolved "https://registry.yarnpkg.com/file-system/-/file-system-2.2.2.tgz#7d65833e3a2347dcd956a813c677153ed3edd987"
  integrity sha1-fWWDPjojR9zZVqgTxncVPtPt2Yc=
  dependencies:
    file-match "^1.0.1"
    utils-extend "^1.0.4"

inherits@2.0.3:
  version "2.0.3"
  resolved "https://registry.yarnpkg.com/inherits/-/inherits-2.0.3.tgz#633c2c83e3da42a502f52466022480f4208261de"
  integrity sha1-Yzwsg+PaQqUC9SRmAiSA9CCCYd4=

ismobilejs@^0.5.1:
  version "0.5.2"
  resolved "https://registry.yarnpkg.com/ismobilejs/-/ismobilejs-0.5.2.tgz#e81bacf6187c532ad8348355f4fecd6e6adfdce1"
  integrity sha512-ta9UdV60xVZk/ZafFtSFslQaE76SvNkcs1r73d2PVR21zVzx9xuYv9tNe4MxA1NN7WoeCc2RjGot3Bz1eHDx3Q==

mini-signals@^1.1.1:
  version "1.2.0"
  resolved "https://registry.yarnpkg.com/mini-signals/-/mini-signals-1.2.0.tgz#45b08013c5fae51a24aa1a935cd317c9ed721d74"
  integrity sha1-RbCAE8X65RokqhqTXNMXye1yHXQ=

minimatch@3.0.4:
  version "3.0.4"
  resolved "https://registry.yarnpkg.com/minimatch/-/minimatch-3.0.4.tgz#5166e286457f03306064be5497e8dbb0c3d32083"
  integrity sha512-yJHVQEhyqPLUTgt9B83PXu6W3rx4MvvHvSUvToogpwoGDOUQ+yDrR0HRot+yOCdCO7u4hX3pWft6kWBBcqh0UA==
  dependencies:
    brace-expansion "^1.1.7"

object-assign@^4.1.1:
  version "4.1.1"
  resolved "https://registry.yarnpkg.com/object-assign/-/object-assign-4.1.1.tgz#2109adc7965887cfc05cbbd442cac8bfbb360863"
  integrity sha1-IQmtx5ZYh8/AXLvUQsrIv7s2CGM=

parcel-plugin-static-files-copy@^2.1.2:
  version "2.1.2"
  resolved "https://registry.yarnpkg.com/parcel-plugin-static-files-copy/-/parcel-plugin-static-files-copy-2.1.2.tgz#d66178e47eeae1722e47a31e17df3ea5d4f9e00b"
  integrity sha512-lxlpAo+a4ldiKvutmrp5P8oC05zerrykCaUOrVjaPdEhuUYgng+3OYplvWuTq0ix0jLSfoZgvJzhsXCplKkRMg==
  dependencies:
    file-system "2.2.2"
    minimatch "3.0.4"
    path "0.12.7"

parse-uri@^1.0.0:
  version "1.0.0"
  resolved "https://registry.yarnpkg.com/parse-uri/-/parse-uri-1.0.0.tgz#2872dcc22f1a797acde1583d8a0ac29552ddac20"
  integrity sha1-KHLcwi8aeXrN4Vg9igrClVLdrCA=

path@0.12.7, path@^0.12.7:
  version "0.12.7"
  resolved "https://registry.yarnpkg.com/path/-/path-0.12.7.tgz#d4dc2a506c4ce2197eb481ebfcd5b36c0140b10f"
  integrity sha1-1NwqUGxM4hl+tIHr/NWzbAFAsQ8=
  dependencies:
    process "^0.11.1"
    util "^0.10.3"

pixi-spine@2.0.0:
  version "2.0.0"
  resolved "https://registry.yarnpkg.com/pixi-spine/-/pixi-spine-2.0.0.tgz#f9d66ccbc3d10df9e2fca4053b745d8aef509ff7"
  integrity sha512-fYaBICkOAOdl85dWlwmG55Sn0090nnuz+9yQFEdVZpW9fi022fuzfaUTPc47r1k/hWvMTU9gYF48Bmnl589Hlg==

pixi.js@5.0.2:
  version "5.0.2"
  resolved "https://registry.yarnpkg.com/pixi.js/-/pixi.js-5.0.2.tgz#42afe639e26853ef754839fc6351bd76221a3875"
  integrity sha512-tFqHWFvvfjU15hr325oSvXACOEjtgkZXWkM+66oQKhXN6fn1SaFnli2AlbHnwtjQFjZhaXg+vwVa90PbgfVIVA==
  dependencies:
    "@pixi/accessibility" "^5.0.2"
    "@pixi/app" "^5.0.2"
    "@pixi/constants" "^5.0.0-rc.3"
    "@pixi/core" "^5.0.2"
    "@pixi/display" "^5.0.1"
    "@pixi/extract" "^5.0.2"
    "@pixi/filter-alpha" "^5.0.2"
    "@pixi/filter-blur" "^5.0.2"
    "@pixi/filter-color-matrix" "^5.0.2"
    "@pixi/filter-displacement" "^5.0.2"
    "@pixi/filter-fxaa" "^5.0.2"
    "@pixi/filter-noise" "^5.0.2"
    "@pixi/graphics" "^5.0.2"
    "@pixi/interaction" "^5.0.2"
    "@pixi/loaders" "^5.0.2"
    "@pixi/math" "^5.0.0-rc.3"
    "@pixi/mesh" "^5.0.2"
    "@pixi/mesh-extras" "^5.0.2"
    "@pixi/mixin-cache-as-bitmap" "^5.0.2"
    "@pixi/mixin-get-child-by-name" "^5.0.1"
    "@pixi/mixin-get-global-position" "^5.0.1"
    "@pixi/particles" "^5.0.2"
    "@pixi/polyfill" "^5.0.0"
    "@pixi/prepare" "^5.0.2"
    "@pixi/runner" "^5.0.0"
    "@pixi/settings" "^5.0.1"
    "@pixi/sprite" "^5.0.2"
    "@pixi/sprite-animated" "^5.0.2"
    "@pixi/sprite-tiling" "^5.0.2"
    "@pixi/spritesheet" "^5.0.2"
    "@pixi/text" "^5.0.2"
    "@pixi/text-bitmap" "^5.0.2"
    "@pixi/ticker" "^5.0.1"
    "@pixi/utils" "^5.0.1"

prettier@^1.18.2:
  version "1.18.2"
  resolved "https://registry.yarnpkg.com/prettier/-/prettier-1.18.2.tgz#6823e7c5900017b4bd3acf46fe9ac4b4d7bda9ea"
  integrity sha512-OeHeMc0JhFE9idD4ZdtNibzY0+TPHSpSSb9h8FqtP+YnoZZ1sl8Vc9b1sasjfymH3SonAF4QcA2+mzHPhMvIiw==

process@^0.11.1:
  version "0.11.10"
  resolved "https://registry.yarnpkg.com/process/-/process-0.11.10.tgz#7332300e840161bda3e69a1d1d91a7d4bc16f182"
  integrity sha1-czIwDoQBYb2j5podHZGn1LwW8YI=

punycode@1.3.2:
  version "1.3.2"
  resolved "https://registry.yarnpkg.com/punycode/-/punycode-1.3.2.tgz#9653a036fb7c1ee42342f2325cceefea3926c48d"
  integrity sha1-llOgNvt8HuQjQvIyXM7v6jkmxI0=

querystring@0.2.0:
  version "0.2.0"
  resolved "https://registry.yarnpkg.com/querystring/-/querystring-0.2.0.tgz#b209849203bb25df820da756e747005878521620"
  integrity sha1-sgmEkgO7Jd+CDadW50cAWHhSFiA=

resource-loader@^2.2.4:
  version "2.2.4"
  resolved "https://registry.yarnpkg.com/resource-loader/-/resource-loader-2.2.4.tgz#9bf43dba59475d56be29c796399211ce0e96fd2d"
  integrity sha512-MrY0bEJN26us3h4bzJUSP0n4tFEb79lCpYBavtLjSezWCcXZMgxhSgvC9LxueuqpcxG+qPjhwFu5SQAcUNacdA==
  dependencies:
    mini-signals "^1.1.1"
    parse-uri "^1.0.0"

typescript@^3.5.2:
  version "3.5.2"
  resolved "https://registry.yarnpkg.com/typescript/-/typescript-3.5.2.tgz#a09e1dc69bc9551cadf17dba10ee42cf55e5d56c"
  integrity sha512-7KxJovlYhTX5RaRbUdkAXN1KUZ8PwWlTzQdHV6xNqvuFOs7+WBo10TQUqT19Q/Jz2hk5v9TQDIhyLhhJY4p5AA==

url@^0.11.0:
  version "0.11.0"
  resolved "https://registry.yarnpkg.com/url/-/url-0.11.0.tgz#3838e97cfc60521eb73c525a8e55bfdd9e2e28f1"
  integrity sha1-ODjpfPxgUh63PFJajlW/3Z4uKPE=
  dependencies:
    punycode "1.3.2"
    querystring "0.2.0"

util@^0.10.3:
  version "0.10.4"
  resolved "https://registry.yarnpkg.com/util/-/util-0.10.4.tgz#3aa0125bfe668a4672de58857d3ace27ecb76901"
  integrity sha512-0Pm9hTQ3se5ll1XihRic3FDIku70C+iHUdT/W926rSgHV5QgXsYbKZN8MSC3tJtSkhuROzvsQjAaFENRXr+19A==
  dependencies:
    inherits "2.0.3"

utils-extend@^1.0.4, utils-extend@^1.0.6:
  version "1.0.8"
  resolved "https://registry.yarnpkg.com/utils-extend/-/utils-extend-1.0.8.tgz#ccfd7b64540f8e90ee21eec57769d0651cab8a5f"
  integrity sha1-zP17ZFQPjpDuIe7Fd2nQZRyril8=
